
Microsoft Visual Studio Solution File, Format Version 12.00
# Visual Studio Version 17
VisualStudioVersion = 17.8.34525.116
MinimumVisualStudioVersion = 10.0.40219.1
Project("{FAE04EC0-301F-11D3-BF4B-00C04F79EFBC}") = "api-shopping", "api-shopping\api-shopping.csproj", "{7272D677-C193-491D-AD07-C8E092AA8000}"
EndProject
Global
	GlobalSection(SolutionConfigurationPlatforms) = preSolution
		Debug|Any CPU = Debug|Any CPU
		Release|Any CPU = Release|Any CPU
	EndGlobalSection
	GlobalSection(ProjectConfigurationPlatforms) = postSolution
		{7272D677-C193-491D-AD07-C8E092AA8000}.Debug|Any CPU.ActiveCfg = Debug|Any CPU
		{7272D677-C193-491D-AD07-C8E092AA8000}.Debug|Any CPU.Build.0 = Debug|Any CPU
		{7272D677-C193-491D-AD07-C8E092AA8000}.Release|Any CPU.ActiveCfg = Release|Any CPU
		{7272D677-C193-491D-AD07-C8E092AA8000}.Release|Any CPU.Build.0 = Release|Any CPU
	EndGlobalSection
	GlobalSection(SolutionProperties) = preSolution
		HideSolutionNode = FALSE
	EndGlobalSection
	GlobalSection(ExtensibilityGlobals) = postSolution
		SolutionGuid = {3126D8D6-6BB3-4798-9C0C-C316E4B54341}
	EndGlobalSection
EndGlobal
